
Microsoft Visual Studio Solution File, Format Version 12.00
# Visual Studio Version 17
VisualStudioVersion = 17.3.32901.215
MinimumVisualStudioVersion = 10.0.40219.1
Project("{9A19103F-16F7-4668-BE54-9A1E7A4F7556}") = "ECommerce.HOST", "EMS\ECommerce.HOST.csproj", "{46B99A57-445F-42DA-9210-380A87FC0495}"
EndProject
Project("{9A19103F-16F7-4668-BE54-9A1E7A4F7556}") = "BLL", "BLL\BLL.csproj", "{FA10CC52-25B6-4304-B631-C5FDB9F1C3C8}"
EndProject
Project("{9A19103F-16F7-4668-BE54-9A1E7A4F7556}") = "DAL", "DLL\DAL.csproj", "{423F93D0-038A-48BD-AE44-6EAD59BFB3FC}"
EndProject
Global
	GlobalSection(SolutionConfigurationPlatforms) = preSolution
		Debug|Any CPU = Debug|Any CPU
		Release|Any CPU = Release|Any CPU
	EndGlobalSection
	GlobalSection(ProjectConfigurationPlatforms) = postSolution
		{46B99A57-445F-42DA-9210-380A87FC0495}.Debug|Any CPU.ActiveCfg = Debug|Any CPU
		{46B99A57-445F-42DA-9210-380A87FC0495}.Debug|Any CPU.Build.0 = Debug|Any CPU
		{46B99A57-445F-42DA-9210-380A87FC0495}.Release|Any CPU.ActiveCfg = Release|Any CPU
		{46B99A57-445F-42DA-9210-380A87FC0495}.Release|Any CPU.Build.0 = Release|Any CPU
		{FA10CC52-25B6-4304-B631-C5FDB9F1C3C8}.Debug|Any CPU.ActiveCfg = Debug|Any CPU
		{FA10CC52-25B6-4304-B631-C5FDB9F1C3C8}.Debug|Any CPU.Build.0 = Debug|Any CPU
		{FA10CC52-25B6-4304-B631-C5FDB9F1C3C8}.Release|Any CPU.ActiveCfg = Release|Any CPU
		{FA10CC52-25B6-4304-B631-C5FDB9F1C3C8}.Release|Any CPU.Build.0 = Release|Any CPU
		{423F93D0-038A-48BD-AE44-6EAD59BFB3FC}.Debug|Any CPU.ActiveCfg = Debug|Any CPU
		{423F93D0-038A-48BD-AE44-6EAD59BFB3FC}.Debug|Any CPU.Build.0 = Debug|Any CPU
		{423F93D0-038A-48BD-AE44-6EAD59BFB3FC}.Release|Any CPU.ActiveCfg = Release|Any CPU
		{423F93D0-038A-48BD-AE44-6EAD59BFB3FC}.Release|Any CPU.Build.0 = Release|Any CPU
	EndGlobalSection
	GlobalSection(SolutionProperties) = preSolution
		HideSolutionNode = FALSE
	EndGlobalSection
	GlobalSection(ExtensibilityGlobals) = postSolution
		SolutionGuid = {933063AE-995C-4F82-A293-B9B0793DFC7A}
	EndGlobalSection
EndGlobal
